<?xml version="1.0" encoding="utf-8"?>
<Project ToolsVersion="4.0" xmlns="http://schemas.microsoft.com/developer/msbuild/2003">
  <ItemGroup>
    <Filter Include="Source Files">
      <UniqueIdentifier>{4FC737F1-C7A5-4376-A066-2A32D752A2FF}</UniqueIdentifier>
      <Extensions>cpp;c;cc;cxx;c++;def;odl;idl;hpj;bat;asm;asmx</Extensions>
    </Filter>
    <Filter Include="Header Files">
      <UniqueIdentifier>{93995380-89BD-4b04-88EB-625FBE52EBFB}</UniqueIdentifier>
      <Extensions>h;hh;hpp;hxx;h++;hm;inl;inc;ipp;xsd</Extensions>
    </Filter>
    <Filter Include="Resource Files">
      <UniqueIdentifier>{67DA6AB6-F800-4c08-8B7A-83BB121AAD01}</UniqueIdentifier>
      <Extensions>rc;ico;cur;bmp;dlg;rc2;rct;bin;rgs;gif;jpg;jpeg;jpe;resx;tiff;tif;png;wav;mfcribbon-ms</Extensions>
    </Filter>
  </ItemGroup>
  <ItemGroup>
    <ClCompile Include="testbed\Main.cpp">
      <Filter>Source Files</Filter>
    </ClCompile>
    <ClCompile Include="dependencies\GLAD\src\glad.c">
      <Filter>Source Files</Filter>
    </ClCompile>
    <ClCompile Include="testbed\imgui\imgui.cpp">
      <Filter>Source Files</Filter>
    </ClCompile>
    <ClCompile Include="testbed\imgui\imgui_draw.cpp">
      <Filter>Source Files</Filter>
    </ClCompile>
    <ClCompile Include="testbed\imgui\imgui_impl_glfw.cpp">
      <Filter>Source Files</Filter>
    </ClCompile>
    <ClCompile Include="testbed\imgui\imgui_impl_opengl3.cpp">
      <Filter>Source Files</Filter>
    </ClCompile>
    <ClCompile Include="testbed\imgui\imgui_widgets.cpp">
      <Filter>Source Files</Filter>
    </ClCompile>
    <ClCompile Include="testbed\Render.cpp">
      <Filter>Source Files</Filter>
    </ClCompile>
    <ClCompile Include="src\World.cpp">
      <Filter>Source Files</Filter>
    </ClCompile>
    <ClCompile Include="src\Body.cpp">
      <Filter>Source Files</Filter>
    </ClCompile>
    <ClCompile Include="src\Circle.cpp">
      <Filter>Source Files</Filter>
    </ClCompile>
    <ClCompile Include="src\Polygon.cpp">
      <Filter>Source Files</Filter>
    </ClCompile>
    <ClCompile Include="src\Arbiter.cpp">
      <Filter>Source Files</Filter>
    </ClCompile>
    <ClCompile Include="src\Ray.cpp">
      <Filter>Source Files</Filter>
    </ClCompile>
    <ClCompile Include="testbed\Test.cpp">
      <Filter>Source Files</Filter>
    </ClCompile>
    <ClCompile Include="src\Joints.cpp">
      <Filter>Source Files</Filter>
    </ClCompile>
    <ClCompile Include="src\JointToBody.cpp">
      <Filter>Source Files</Filter>
    </ClCompile>
    <ClCompile Include="src\JointToPoint.cpp">
      <Filter>Source Files</Filter>
    </ClCompile>
    <ClCompile Include="src\ParticleExplosion.cpp">
      <Filter>Source Files</Filter>
    </ClCompile>
    <ClCompile Include="src\ProximityExplosion.cpp">
      <Filter>Source Files</Filter>
    </ClCompile>
    <ClCompile Include="src\RaycastExplosion.cpp">
      <Filter>Source Files</Filter>
    </ClCompile>
    <ClCompile Include="src\Rayscatter.cpp">
      <Filter>Source Files</Filter>
    </ClCompile>
    <ClCompile Include="src\Shadowcast.cpp">
      <Filter>Source Files</Filter>
    </ClCompile>
    <ClCompile Include="src\Slice.cpp">
      <Filter>Source Files</Filter>
    </ClCompile>
  </ItemGroup>
  <ItemGroup>
    <ClInclude Include="include\CPhysics\Vectors2D.h">
      <Filter>Header Files</Filter>
    </ClInclude>
    <ClInclude Include="testbed\Render.h">
      <Filter>Header Files</Filter>
    </ClInclude>
    <ClInclude Include="include\CPhysics\Matrix2D.h">
      <Filter>Header Files</Filter>
    </ClInclude>
    <ClInclude Include="include\CPhysics\CPhysics.h">
      <Filter>Header Files</Filter>
    </ClInclude>
    <ClInclude Include="include\CPhysics\World.h">
      <Filter>Header Files</Filter>
    </ClInclude>
    <ClInclude Include="include\CPhysics\Body.h">
      <Filter>Header Files</Filter>
    </ClInclude>
    <ClInclude Include="include\CPhysics\Circle.h">
      <Filter>Header Files</Filter>
    </ClInclude>
    <ClInclude Include="include\CPhysics\Polygon.h">
      <Filter>Header Files</Filter>
    </ClInclude>
    <ClInclude Include="include\CPhysics\Shape.h">
      <Filter>Header Files</Filter>
    </ClInclude>
    <ClInclude Include="include\CPhysics\Arbiter.h">
      <Filter>Header Files</Filter>
    </ClInclude>
    <ClInclude Include="testbed\Colour.h">
      <Filter>Header Files</Filter>
    </ClInclude>
    <ClInclude Include="testbed\Settings.h">
      <Filter>Header Files</Filter>
    </ClInclude>
    <ClInclude Include="include\CPhysics\AABB.h">
      <Filter>Header Files</Filter>
    </ClInclude>
    <ClInclude Include="include\CPhysics\ParticleExplosion.h">
      <Filter>Header Files</Filter>
    </ClInclude>
    <ClInclude Include="include\CPhysics\ProximityExplosion.h">
      <Filter>Header Files</Filter>
    </ClInclude>
    <ClInclude Include="include\CPhysics\Ray.h">
      <Filter>Header Files</Filter>
    </ClInclude>
    <ClInclude Include="include\CPhysics\RaycastExplosion.h">
      <Filter>Header Files</Filter>
    </ClInclude>
    <ClInclude Include="include\CPhysics\Rayscatter.h">
      <Filter>Header Files</Filter>
    </ClInclude>
    <ClInclude Include="include\CPhysics\Shadowcast.h">
      <Filter>Header Files</Filter>
    </ClInclude>
    <ClInclude Include="testbed\Test.h">
      <Filter>Header Files</Filter>
    </ClInclude>
    <ClInclude Include="testbed\Tests\pch.h">
      <Filter>Header Files</Filter>
    </ClInclude>
    <ClInclude Include="include\CPhysics\JointToBody.h">
      <Filter>Header Files</Filter>
    </ClInclude>
    <ClInclude Include="include\CPhysics\JointToPoint.h">
      <Filter>Header Files</Filter>
    </ClInclude>
    <ClInclude Include="include\CPhysics\Joint.h">
      <Filter>Header Files</Filter>
    </ClInclude>
    <ClInclude Include="testbed\Tests\BouncingBall.h">
      <Filter>Header Files</Filter>
    </ClInclude>
    <ClInclude Include="include\CPhysics\Explosion.h">
      <Filter>Header Files</Filter>
    </ClInclude>
    <ClInclude Include="testbed\Tests\Chains.h">
      <Filter>Header Files</Filter>
    </ClInclude>
    <ClInclude Include="testbed\Tests\Friction.h">
      <Filter>Header Files</Filter>
    </ClInclude>
    <ClInclude Include="testbed\Tests\Drag.h">
      <Filter>Header Files</Filter>
    </ClInclude>
    <ClInclude Include="testbed\Tests\LineOfSight.h">
      <Filter>Header Files</Filter>
    </ClInclude>
    <ClInclude Include="testbed\Tests\MixedShapes.h">
      <Filter>Header Files</Filter>
    </ClInclude>
    <ClInclude Include="testbed\Tests\NewtonsCradle.h">
      <Filter>Header Files</Filter>
    </ClInclude>
    <ClInclude Include="testbed\Tests\ParticleExplosionTest.h">
      <Filter>Header Files</Filter>
    </ClInclude>
    <ClInclude Include="testbed\Tests\ProximityExplosionTest.h">
      <Filter>Header Files</Filter>
    </ClInclude>
    <ClInclude Include="testbed\Tests\Raycast.h">
      <Filter>Header Files</Filter>
    </ClInclude>
    <ClInclude Include="testbed\Tests\RaycastExplosionTest.h">
      <Filter>Header Files</Filter>
    </ClInclude>
    <ClInclude Include="testbed\Tests\Restitution.h">
      <Filter>Header Files</Filter>
    </ClInclude>
    <ClInclude Include="testbed\Tests\StackedObjects.h">
      <Filter>Header Files</Filter>
    </ClInclude>
    <ClInclude Include="testbed\Tests\Trebuchet.h">
      <Filter>Header Files</Filter>
    </ClInclude>
    <ClInclude Include="testbed\Tests\Wreckingball.h">
      <Filter>Header Files</Filter>
    </ClInclude>
    <ClInclude Include="testbed\Tests\SliceObjects.h">
      <Filter>Header Files</Filter>
    </ClInclude>
    <ClInclude Include="include\CPhysics\Slice.h">
      <Filter>Header Files</Filter>
    </ClInclude>
  </ItemGroup>
</Project>